
Microsoft Visual Studio Solution File, Format Version 12.00
# Visual Studio Version 17
VisualStudioVersion = 17.12.35527.113 d17.12
MinimumVisualStudioVersion = 10.0.40219.1
Project("{2150E333-8FDC-42A3-9474-1A3956D46DE8}") = "Aspire", "Aspire", "{8E021FD4-0143-43AB-A1D2-09EDE3196C0E}"
EndProject
Project("{FAE04EC0-301F-11D3-BF4B-00C04F79EFBC}") = "AppHost.AppHost", "AppHost\AppHost.AppHost\AppHost.AppHost.csproj", "{8D0515D8-F88F-47B7-9BB1-E4E2E53CBDCE}"
EndProject
Project("{FAE04EC0-301F-11D3-BF4B-00C04F79EFBC}") = "AppHost.ServiceDefaults", "AppHost\AppHost.ServiceDefaults\AppHost.ServiceDefaults.csproj", "{77E19212-35D9-4E6C-99C2-E24FB22F731F}"
EndProject
Project("{FAE04EC0-301F-11D3-BF4B-00C04F79EFBC}") = "Core", "Core\Core.csproj", "{38A0FB43-DD79-427C-8126-3D11C6A74AB1}"
EndProject
Project("{FAE04EC0-301F-11D3-BF4B-00C04F79EFBC}") = "Host", "Host\Host.csproj", "{7AD1D77F-1CB9-42C0-B439-570F466E71E0}"
EndProject
Project("{FAE04EC0-301F-11D3-BF4B-00C04F79EFBC}") = "Application", "Application\Application.csproj", "{3942BA09-762E-4C15-858F-2D33902D9BE6}"
EndProject
Project("{2150E333-8FDC-42A3-9474-1A3956D46DE8}") = "Infrastructure", "Infrastructure", "{31240CA9-6FC0-49B9-8158-C445BAD975A5}"
EndProject
Project("{FAE04EC0-301F-11D3-BF4B-00C04F79EFBC}") = "Persistence", "Persistence\Persistence.csproj", "{6AA9995A-CABD-4076-A127-42964B407DB6}"
EndProject
Project("{FAE04EC0-301F-11D3-BF4B-00C04F79EFBC}") = "Caching.Redis", "Caching.Redis\Caching.Redis.csproj", "{52CF7A49-5EAD-44E3-8896-F689A98B59D1}"
EndProject
Project("{FAE04EC0-301F-11D3-BF4B-00C04F79EFBC}") = "MigrationService", "MigrationService\MigrationService.csproj", "{A4C063D1-F410-4598-8C64-70230E832096}"
EndProject
Global
	GlobalSection(SolutionConfigurationPlatforms) = preSolution
		Debug|Any CPU = Debug|Any CPU
		Release|Any CPU = Release|Any CPU
	EndGlobalSection
	GlobalSection(ProjectConfigurationPlatforms) = postSolution
		{8D0515D8-F88F-47B7-9BB1-E4E2E53CBDCE}.Debug|Any CPU.ActiveCfg = Debug|Any CPU
		{8D0515D8-F88F-47B7-9BB1-E4E2E53CBDCE}.Debug|Any CPU.Build.0 = Debug|Any CPU
		{8D0515D8-F88F-47B7-9BB1-E4E2E53CBDCE}.Release|Any CPU.ActiveCfg = Release|Any CPU
		{8D0515D8-F88F-47B7-9BB1-E4E2E53CBDCE}.Release|Any CPU.Build.0 = Release|Any CPU
		{77E19212-35D9-4E6C-99C2-E24FB22F731F}.Debug|Any CPU.ActiveCfg = Debug|Any CPU
		{77E19212-35D9-4E6C-99C2-E24FB22F731F}.Debug|Any CPU.Build.0 = Debug|Any CPU
		{77E19212-35D9-4E6C-99C2-E24FB22F731F}.Release|Any CPU.ActiveCfg = Release|Any CPU
		{77E19212-35D9-4E6C-99C2-E24FB22F731F}.Release|Any CPU.Build.0 = Release|Any CPU
		{38A0FB43-DD79-427C-8126-3D11C6A74AB1}.Debug|Any CPU.ActiveCfg = Debug|Any CPU
		{38A0FB43-DD79-427C-8126-3D11C6A74AB1}.Debug|Any CPU.Build.0 = Debug|Any CPU
		{38A0FB43-DD79-427C-8126-3D11C6A74AB1}.Release|Any CPU.ActiveCfg = Release|Any CPU
		{38A0FB43-DD79-427C-8126-3D11C6A74AB1}.Release|Any CPU.Build.0 = Release|Any CPU
		{7AD1D77F-1CB9-42C0-B439-570F466E71E0}.Debug|Any CPU.ActiveCfg = Debug|Any CPU
		{7AD1D77F-1CB9-42C0-B439-570F466E71E0}.Debug|Any CPU.Build.0 = Debug|Any CPU
		{7AD1D77F-1CB9-42C0-B439-570F466E71E0}.Release|Any CPU.ActiveCfg = Release|Any CPU
		{7AD1D77F-1CB9-42C0-B439-570F466E71E0}.Release|Any CPU.Build.0 = Release|Any CPU
		{3942BA09-762E-4C15-858F-2D33902D9BE6}.Debug|Any CPU.ActiveCfg = Debug|Any CPU
		{3942BA09-762E-4C15-858F-2D33902D9BE6}.Debug|Any CPU.Build.0 = Debug|Any CPU
		{3942BA09-762E-4C15-858F-2D33902D9BE6}.Release|Any CPU.ActiveCfg = Release|Any CPU
		{3942BA09-762E-4C15-858F-2D33902D9BE6}.Release|Any CPU.Build.0 = Release|Any CPU
		{6AA9995A-CABD-4076-A127-42964B407DB6}.Debug|Any CPU.ActiveCfg = Debug|Any CPU
		{6AA9995A-CABD-4076-A127-42964B407DB6}.Debug|Any CPU.Build.0 = Debug|Any CPU
		{6AA9995A-CABD-4076-A127-42964B407DB6}.Release|Any CPU.ActiveCfg = Release|Any CPU
		{6AA9995A-CABD-4076-A127-42964B407DB6}.Release|Any CPU.Build.0 = Release|Any CPU
		{52CF7A49-5EAD-44E3-8896-F689A98B59D1}.Debug|Any CPU.ActiveCfg = Debug|Any CPU
		{52CF7A49-5EAD-44E3-8896-F689A98B59D1}.Debug|Any CPU.Build.0 = Debug|Any CPU
		{52CF7A49-5EAD-44E3-8896-F689A98B59D1}.Release|Any CPU.ActiveCfg = Release|Any CPU
		{52CF7A49-5EAD-44E3-8896-F689A98B59D1}.Release|Any CPU.Build.0 = Release|Any CPU
		{A4C063D1-F410-4598-8C64-70230E832096}.Debug|Any CPU.ActiveCfg = Debug|Any CPU
		{A4C063D1-F410-4598-8C64-70230E832096}.Debug|Any CPU.Build.0 = Debug|Any CPU
		{A4C063D1-F410-4598-8C64-70230E832096}.Release|Any CPU.ActiveCfg = Release|Any CPU
		{A4C063D1-F410-4598-8C64-70230E832096}.Release|Any CPU.Build.0 = Release|Any CPU
	EndGlobalSection
	GlobalSection(SolutionProperties) = preSolution
		HideSolutionNode = FALSE
	EndGlobalSection
	GlobalSection(NestedProjects) = preSolution
		{8D0515D8-F88F-47B7-9BB1-E4E2E53CBDCE} = {8E021FD4-0143-43AB-A1D2-09EDE3196C0E}
		{77E19212-35D9-4E6C-99C2-E24FB22F731F} = {8E021FD4-0143-43AB-A1D2-09EDE3196C0E}
		{6AA9995A-CABD-4076-A127-42964B407DB6} = {31240CA9-6FC0-49B9-8158-C445BAD975A5}
		{52CF7A49-5EAD-44E3-8896-F689A98B59D1} = {31240CA9-6FC0-49B9-8158-C445BAD975A5}
	EndGlobalSection
EndGlobal
